{
  "name": "ngm",
  "requires": true,
  "lockfileVersion": 1,
  "dependencies": {
    "cesium": {
      "version": "1.63.1",
      "resolved": "https://registry.npmjs.org/cesium/-/cesium-1.63.1.tgz",
      "integrity": "sha512-aq/l+k4DT51VPqXj3DeVZtHLQ3GLcVQMxQjYdja4tOc5RALZAJnuCD2uYQB9bmg/KqJcoH1GW6eqNkJnadVqTA==",
      "requires": {
        "esm": "^3.2.25"
      }
    },
    "esm": {
      "version": "3.2.25",
      "resolved": "https://registry.npmjs.org/esm/-/esm-3.2.25.tgz",
      "integrity": "sha512-U1suiZ2oDVWv4zPO56S0NcR5QriEahGtdN2OR6FiOG4WJvcjBVFB0qI4+eKoWFH483PKGuLuu6V8Z4T5g63UVA=="
    }
  }
}
