{
  "name": "ngm",
  "requires": true,
  "lockfileVersion": 1,
  "dependencies": {
    "@babel/runtime": {
      "version": "7.7.6",
      "resolved": "https://registry.npmjs.org/@babel/runtime/-/runtime-7.7.6.tgz",
      "integrity": "sha512-BWAJxpNVa0QlE5gZdWjSxXtemZyZ9RmrmVozxt3NUXeZhVIJ5ANyqmMc0JDrivBZyxUuQvFxlvH4OWWOogGfUw==",
      "requires": {
        "regenerator-runtime": "^0.13.2"
      }
    },
    "cesium": {
      "version": "1.65.0",
      "resolved": "https://registry.npmjs.org/cesium/-/cesium-1.65.0.tgz",
      "integrity": "sha512-TvxZuparbi96vcSPVVF4aNet2uaeo3ncc4KuK1lAR1v00ILTJF2vpyQM+izDRFhyUqYUyQcQEEVaz5OPJBeqIQ==",
      "requires": {
        "esm": "^3.2.25"
      }
    },
    "esm": {
      "version": "3.2.25",
      "resolved": "https://registry.npmjs.org/esm/-/esm-3.2.25.tgz",
      "integrity": "sha512-U1suiZ2oDVWv4zPO56S0NcR5QriEahGtdN2OR6FiOG4WJvcjBVFB0qI4+eKoWFH483PKGuLuu6V8Z4T5g63UVA=="
    },
    "i18next": {
      "version": "19.0.2",
      "resolved": "https://registry.npmjs.org/i18next/-/i18next-19.0.2.tgz",
      "integrity": "sha512-fBa43Ann2udP1CQAz3IQpOZ1dGAkmi3mMfzisOhH17igneSRbvZ7P2RNbL+L1iRYKMufBmVwnC7G3gqcyviZ9g==",
      "requires": {
        "@babel/runtime": "^7.3.1"
      }
    },
    "regenerator-runtime": {
      "version": "0.13.3",
      "resolved": "https://registry.npmjs.org/regenerator-runtime/-/regenerator-runtime-0.13.3.tgz",
      "integrity": "sha512-naKIZz2GQ8JWh///G7L3X6LaQUAMp2lvb1rvwwsURe/VXwD6VMfr+/1NuNw3ag8v2kY1aQ/go5SNn79O9JU7yw=="
    }
  }
}
